
Microsoft Visual Studio Solution File, Format Version 12.00
Project("{FAE04EC0-301F-11D3-BF4B-00C04F79EFBC}") = "triva game v2", "triva game v2\triva game v2.csproj", "{709E4461-503A-4DAC-AEF2-178FC72233F6}"
EndProject
Global
	GlobalSection(SolutionConfigurationPlatforms) = preSolution
		Debug|Any CPU = Debug|Any CPU
		Release|Any CPU = Release|Any CPU
	EndGlobalSection
	GlobalSection(ProjectConfigurationPlatforms) = postSolution
		{709E4461-503A-4DAC-AEF2-178FC72233F6}.Debug|Any CPU.ActiveCfg = Debug|Any CPU
		{709E4461-503A-4DAC-AEF2-178FC72233F6}.Debug|Any CPU.Build.0 = Debug|Any CPU
		{709E4461-503A-4DAC-AEF2-178FC72233F6}.Release|Any CPU.ActiveCfg = Release|Any CPU
		{709E4461-503A-4DAC-AEF2-178FC72233F6}.Release|Any CPU.Build.0 = Release|Any CPU
	EndGlobalSection
EndGlobal
